// !$*UTF8*$!
{
	archiveVersion = 1;
	classes = {
	};
	objectVersion = 55;
	objects = {

/* Begin PBXBuildFile section */
		C94943F928208DEA006D81E3 /* AppDelegate.swift in Sources */ = {isa = PBXBuildFile; fileRef = C94943F828208DEA006D81E3 /* AppDelegate.swift */; };
		C94943FB28208DEA006D81E3 /* SceneDelegate.swift in Sources */ = {isa = PBXBuildFile; fileRef = C94943FA28208DEA006D81E3 /* SceneDelegate.swift */; };
		C94943FD28208DEA006D81E3 /* ViewController.swift in Sources */ = {isa = PBXBuildFile; fileRef = C94943FC28208DEA006D81E3 /* ViewController.swift */; };
		C949440028208DEA006D81E3 /* Main.storyboard in Resources */ = {isa = PBXBuildFile; fileRef = C94943FE28208DEA006D81E3 /* Main.storyboard */; };
		C949440228208DEB006D81E3 /* Assets.xcassets in Resources */ = {isa = PBXBuildFile; fileRef = C949440128208DEB006D81E3 /* Assets.xcassets */; };
		C949440528208DEB006D81E3 /* LaunchScreen.storyboard in Resources */ = {isa = PBXBuildFile; fileRef = C949440328208DEB006D81E3 /* LaunchScreen.storyboard */; };
		C950C90128240CAB005F9119 /* GoogleService-Info.plist in Resources */ = {isa = PBXBuildFile; fileRef = C950C90028240CAB005F9119 /* GoogleService-Info.plist */; };
		C97292342824869100FE6CAC /* LoginViewController.swift in Sources */ = {isa = PBXBuildFile; fileRef = C97292332824869100FE6CAC /* LoginViewController.swift */; };
		C9729236282486A300FE6CAC /* RegisterViewController.swift in Sources */ = {isa = PBXBuildFile; fileRef = C9729235282486A300FE6CAC /* RegisterViewController.swift */; };
		C97292382824870E00FE6CAC /* Student.swift in Sources */ = {isa = PBXBuildFile; fileRef = C97292372824870E00FE6CAC /* Student.swift */; };
		C972923A2824871E00FE6CAC /* Verb.swift in Sources */ = {isa = PBXBuildFile; fileRef = C97292392824871E00FE6CAC /* Verb.swift */; };
		C972923F282487C000FE6CAC /* SegueEnum.swift in Sources */ = {isa = PBXBuildFile; fileRef = C972923E282487C000FE6CAC /* SegueEnum.swift */; };
		C97292422824887900FE6CAC /* Dialog.swift in Sources */ = {isa = PBXBuildFile; fileRef = C97292402824887900FE6CAC /* Dialog.swift */; };
		C97292432824887900FE6CAC /* Toast.swift in Sources */ = {isa = PBXBuildFile; fileRef = C97292412824887900FE6CAC /* Toast.swift */; };
		C9729246282488A200FE6CAC /* UIView_addSubviews.swift in Sources */ = {isa = PBXBuildFile; fileRef = C9729244282488A200FE6CAC /* UIView_addSubviews.swift */; };
		C9729247282488A200FE6CAC /* UIView_shake.swift in Sources */ = {isa = PBXBuildFile; fileRef = C9729245282488A200FE6CAC /* UIView_shake.swift */; };
		C972924B282489BD00FE6CAC /* Strings-en.swift in Sources */ = {isa = PBXBuildFile; fileRef = C972924A282489BD00FE6CAC /* Strings-en.swift */; };
		C972924D282489DC00FE6CAC /* Strings-fr.swift in Sources */ = {isa = PBXBuildFile; fileRef = C972924C282489DC00FE6CAC /* Strings-fr.swift */; };
		C972924F28248B2700FE6CAC /* HomeViewController.swift in Sources */ = {isa = PBXBuildFile; fileRef = C972924E28248B2700FE6CAC /* HomeViewController.swift */; };
		D1B56F945A41774BA1F74721 /* Pods_FrenchApp.framework in Frameworks */ = {isa = PBXBuildFile; fileRef = 4879E8C2037E2047717A17F4 /* Pods_FrenchApp.framework */; };
/* End PBXBuildFile section */

/* Begin PBXFileReference section */
		4879E8C2037E2047717A17F4 /* Pods_FrenchApp.framework */ = {isa = PBXFileReference; explicitFileType = wrapper.framework; includeInIndex = 0; path = Pods_FrenchApp.framework; sourceTree = BUILT_PRODUCTS_DIR; };
		69AF0A7361A180CE70841F0B /* Pods-FrenchApp.debug.xcconfig */ = {isa = PBXFileReference; includeInIndex = 1; lastKnownFileType = text.xcconfig; name = "Pods-FrenchApp.debug.xcconfig"; path = "Target Support Files/Pods-FrenchApp/Pods-FrenchApp.debug.xcconfig"; sourceTree = "<group>"; };
		B80C989F787FB5665B720EA9 /* Pods-FrenchApp.release.xcconfig */ = {isa = PBXFileReference; includeInIndex = 1; lastKnownFileType = text.xcconfig; name = "Pods-FrenchApp.release.xcconfig"; path = "Target Support Files/Pods-FrenchApp/Pods-FrenchApp.release.xcconfig"; sourceTree = "<group>"; };
		C94943F528208DEA006D81E3 /* FrenchApp.app */ = {isa = PBXFileReference; explicitFileType = wrapper.application; includeInIndex = 0; path = FrenchApp.app; sourceTree = BUILT_PRODUCTS_DIR; };
		C94943F828208DEA006D81E3 /* AppDelegate.swift */ = {isa = PBXFileReference; lastKnownFileType = sourcecode.swift; path = AppDelegate.swift; sourceTree = "<group>"; };
		C94943FA28208DEA006D81E3 /* SceneDelegate.swift */ = {isa = PBXFileReference; lastKnownFileType = sourcecode.swift; path = SceneDelegate.swift; sourceTree = "<group>"; };
		C94943FC28208DEA006D81E3 /* ViewController.swift */ = {isa = PBXFileReference; lastKnownFileType = sourcecode.swift; path = ViewController.swift; sourceTree = "<group>"; };
		C94943FF28208DEA006D81E3 /* Base */ = {isa = PBXFileReference; lastKnownFileType = file.storyboard; name = Base; path = Base.lproj/Main.storyboard; sourceTree = "<group>"; };
		C949440128208DEB006D81E3 /* Assets.xcassets */ = {isa = PBXFileReference; lastKnownFileType = folder.assetcatalog; path = Assets.xcassets; sourceTree = "<group>"; };
		C949440428208DEB006D81E3 /* Base */ = {isa = PBXFileReference; lastKnownFileType = file.storyboard; name = Base; path = Base.lproj/LaunchScreen.storyboard; sourceTree = "<group>"; };
		C949440628208DEB006D81E3 /* Info.plist */ = {isa = PBXFileReference; lastKnownFileType = text.plist.xml; path = Info.plist; sourceTree = "<group>"; };
		C950C90028240CAB005F9119 /* GoogleService-Info.plist */ = {isa = PBXFileReference; fileEncoding = 4; lastKnownFileType = text.plist.xml; path = "GoogleService-Info.plist"; sourceTree = "<group>"; };
		C97292332824869100FE6CAC /* LoginViewController.swift */ = {isa = PBXFileReference; lastKnownFileType = sourcecode.swift; path = LoginViewController.swift; sourceTree = "<group>"; };
		C9729235282486A300FE6CAC /* RegisterViewController.swift */ = {isa = PBXFileReference; lastKnownFileType = sourcecode.swift; path = RegisterViewController.swift; sourceTree = "<group>"; };
		C97292372824870E00FE6CAC /* Student.swift */ = {isa = PBXFileReference; lastKnownFileType = sourcecode.swift; path = Student.swift; sourceTree = "<group>"; };
		C97292392824871E00FE6CAC /* Verb.swift */ = {isa = PBXFileReference; lastKnownFileType = sourcecode.swift; path = Verb.swift; sourceTree = "<group>"; };
		C972923E282487C000FE6CAC /* SegueEnum.swift */ = {isa = PBXFileReference; lastKnownFileType = sourcecode.swift; path = SegueEnum.swift; sourceTree = "<group>"; };
		C97292402824887900FE6CAC /* Dialog.swift */ = {isa = PBXFileReference; fileEncoding = 4; lastKnownFileType = sourcecode.swift; path = Dialog.swift; sourceTree = "<group>"; };
		C97292412824887900FE6CAC /* Toast.swift */ = {isa = PBXFileReference; fileEncoding = 4; lastKnownFileType = sourcecode.swift; path = Toast.swift; sourceTree = "<group>"; };
		C9729244282488A200FE6CAC /* UIView_addSubviews.swift */ = {isa = PBXFileReference; fileEncoding = 4; lastKnownFileType = sourcecode.swift; path = UIView_addSubviews.swift; sourceTree = "<group>"; };
		C9729245282488A200FE6CAC /* UIView_shake.swift */ = {isa = PBXFileReference; fileEncoding = 4; lastKnownFileType = sourcecode.swift; path = UIView_shake.swift; sourceTree = "<group>"; };
		C972924A282489BD00FE6CAC /* Strings-en.swift */ = {isa = PBXFileReference; lastKnownFileType = sourcecode.swift; path = "Strings-en.swift"; sourceTree = "<group>"; };
		C972924C282489DC00FE6CAC /* Strings-fr.swift */ = {isa = PBXFileReference; lastKnownFileType = sourcecode.swift; path = "Strings-fr.swift"; sourceTree = "<group>"; };
		C972924E28248B2700FE6CAC /* HomeViewController.swift */ = {isa = PBXFileReference; lastKnownFileType = sourcecode.swift; path = HomeViewController.swift; sourceTree = "<group>"; };
/* End PBXFileReference section */

/* Begin PBXFrameworksBuildPhase section */
		C94943F228208DEA006D81E3 /* Frameworks */ = {
			isa = PBXFrameworksBuildPhase;
			buildActionMask = 2147483647;
			files = (
				D1B56F945A41774BA1F74721 /* Pods_FrenchApp.framework in Frameworks */,
			);
			runOnlyForDeploymentPostprocessing = 0;
		};
/* End PBXFrameworksBuildPhase section */

/* Begin PBXGroup section */
		3236FB3459848C0B42541CBC /* Frameworks */ = {
			isa = PBXGroup;
			children = (
				4879E8C2037E2047717A17F4 /* Pods_FrenchApp.framework */,
			);
			name = Frameworks;
			sourceTree = "<group>";
		};
		3819E26904985F3AE10101A9 /* Pods */ = {
			isa = PBXGroup;
			children = (
				69AF0A7361A180CE70841F0B /* Pods-FrenchApp.debug.xcconfig */,
				B80C989F787FB5665B720EA9 /* Pods-FrenchApp.release.xcconfig */,
			);
			path = Pods;
			sourceTree = "<group>";
		};
		C94943EC28208DEA006D81E3 = {
			isa = PBXGroup;
			children = (
				C94943F728208DEA006D81E3 /* FrenchApp */,
				C950C90028240CAB005F9119 /* GoogleService-Info.plist */,
				C94943F628208DEA006D81E3 /* Products */,
				3819E26904985F3AE10101A9 /* Pods */,
				3236FB3459848C0B42541CBC /* Frameworks */,
			);
			sourceTree = "<group>";
		};
		C94943F628208DEA006D81E3 /* Products */ = {
			isa = PBXGroup;
			children = (
				C94943F528208DEA006D81E3 /* FrenchApp.app */,
			);
			name = Products;
			sourceTree = "<group>";
		};
		C94943F728208DEA006D81E3 /* FrenchApp */ = {
			isa = PBXGroup;
			children = (
				C972923B2824873200FE6CAC /* Source */,
				C949440C28208DFF006D81E3 /* Model */,
				C949440D28208E06006D81E3 /* View */,
				C949440E28208E0B006D81E3 /* Controller */,
				C94943F828208DEA006D81E3 /* AppDelegate.swift */,
				C94943FA28208DEA006D81E3 /* SceneDelegate.swift */,
				C949440128208DEB006D81E3 /* Assets.xcassets */,
				C949440328208DEB006D81E3 /* LaunchScreen.storyboard */,
				C949440628208DEB006D81E3 /* Info.plist */,
			);
			path = FrenchApp;
			sourceTree = "<group>";
		};
		C949440C28208DFF006D81E3 /* Model */ = {
			isa = PBXGroup;
			children = (
				C97292372824870E00FE6CAC /* Student.swift */,
				C97292392824871E00FE6CAC /* Verb.swift */,
			);
			path = Model;
			sourceTree = "<group>";
		};
		C949440D28208E06006D81E3 /* View */ = {
			isa = PBXGroup;
			children = (
				C94943FE28208DEA006D81E3 /* Main.storyboard */,
			);
			path = View;
			sourceTree = "<group>";
		};
		C949440E28208E0B006D81E3 /* Controller */ = {
			isa = PBXGroup;
			children = (
				C94943FC28208DEA006D81E3 /* ViewController.swift */,
				C97292332824869100FE6CAC /* LoginViewController.swift */,
				C9729235282486A300FE6CAC /* RegisterViewController.swift */,
				C972924E28248B2700FE6CAC /* HomeViewController.swift */,
			);
			path = Controller;
			sourceTree = "<group>";
		};
		C972923B2824873200FE6CAC /* Source */ = {
			isa = PBXGroup;
			children = (
				C9729249282489AC00FE6CAC /* Strings */,
				C9729248282488B800FE6CAC /* Utils */,
				C972923D2824874B00FE6CAC /* Extensions */,
				C972923C2824874400FE6CAC /* Network */,
			);
			path = Source;
			sourceTree = "<group>";
		};
		C972923C2824874400FE6CAC /* Network */ = {
			isa = PBXGroup;
			children = (
			);
			path = Network;
			sourceTree = "<group>";
		};
		C972923D2824874B00FE6CAC /* Extensions */ = {
			isa = PBXGroup;
			children = (
				C9729244282488A200FE6CAC /* UIView_addSubviews.swift */,
				C9729245282488A200FE6CAC /* UIView_shake.swift */,
			);
			path = Extensions;
			sourceTree = "<group>";
		};
		C9729248282488B800FE6CAC /* Utils */ = {
			isa = PBXGroup;
			children = (
				C97292402824887900FE6CAC /* Dialog.swift */,
				C972923E282487C000FE6CAC /* SegueEnum.swift */,
				C97292412824887900FE6CAC /* Toast.swift */,
			);
			path = Utils;
			sourceTree = "<group>";
		};
		C9729249282489AC00FE6CAC /* Strings */ = {
			isa = PBXGroup;
			children = (
				C972924A282489BD00FE6CAC /* Strings-en.swift */,
				C972924C282489DC00FE6CAC /* Strings-fr.swift */,
			);
			path = Strings;
			sourceTree = "<group>";
		};
/* End PBXGroup section */

/* Begin PBXNativeTarget section */
		C94943F428208DEA006D81E3 /* FrenchApp */ = {
			isa = PBXNativeTarget;
			buildConfigurationList = C949440928208DEB006D81E3 /* Build configuration list for PBXNativeTarget "FrenchApp" */;
			buildPhases = (
				A62E9919363D4A1BCC36BB89 /* [CP] Check Pods Manifest.lock */,
				C94943F128208DEA006D81E3 /* Sources */,
				C94943F228208DEA006D81E3 /* Frameworks */,
				C94943F328208DEA006D81E3 /* Resources */,
				A74637BF1DFD01369C586CAA /* [CP] Embed Pods Frameworks */,
			);
			buildRules = (
			);
			dependencies = (
			);
			name = FrenchApp;
			productName = FrenchApp;
			productReference = C94943F528208DEA006D81E3 /* FrenchApp.app */;
			productType = "com.apple.product-type.application";
		};
/* End PBXNativeTarget section */

/* Begin PBXProject section */
		C94943ED28208DEA006D81E3 /* Project object */ = {
			isa = PBXProject;
			attributes = {
				BuildIndependentTargetsInParallel = 1;
				LastSwiftUpdateCheck = 1320;
				LastUpgradeCheck = 1320;
				TargetAttributes = {
					C94943F428208DEA006D81E3 = {
						CreatedOnToolsVersion = 13.2.1;
					};
				};
			};
			buildConfigurationList = C94943F028208DEA006D81E3 /* Build configuration list for PBXProject "FrenchApp" */;
			compatibilityVersion = "Xcode 13.0";
			developmentRegion = en;
			hasScannedForEncodings = 0;
			knownRegions = (
				en,
				Base,
			);
			mainGroup = C94943EC28208DEA006D81E3;
			productRefGroup = C94943F628208DEA006D81E3 /* Products */;
			projectDirPath = "";
			projectRoot = "";
			targets = (
				C94943F428208DEA006D81E3 /* FrenchApp */,
			);
		};
/* End PBXProject section */

/* Begin PBXResourcesBuildPhase section */
		C94943F328208DEA006D81E3 /* Resources */ = {
			isa = PBXResourcesBuildPhase;
			buildActionMask = 2147483647;
			files = (
				C949440528208DEB006D81E3 /* LaunchScreen.storyboard in Resources */,
				C950C90128240CAB005F9119 /* GoogleService-Info.plist in Resources */,
				C949440228208DEB006D81E3 /* Assets.xcassets in Resources */,
				C949440028208DEA006D81E3 /* Main.storyboard in Resources */,
			);
			runOnlyForDeploymentPostprocessing = 0;
		};
/* End PBXResourcesBuildPhase section */

/* Begin PBXShellScriptBuildPhase section */
		A62E9919363D4A1BCC36BB89 /* [CP] Check Pods Manifest.lock */ = {
			isa = PBXShellScriptBuildPhase;
			buildActionMask = 2147483647;
			files = (
			);
			inputFileListPaths = (
			);
			inputPaths = (
				"${PODS_PODFILE_DIR_PATH}/Podfile.lock",
				"${PODS_ROOT}/Manifest.lock",
			);
			name = "[CP] Check Pods Manifest.lock";
			outputFileListPaths = (
			);
			outputPaths = (
				"$(DERIVED_FILE_DIR)/Pods-FrenchApp-checkManifestLockResult.txt",
			);
			runOnlyForDeploymentPostprocessing = 0;
			shellPath = /bin/sh;
			shellScript = "diff \"${PODS_PODFILE_DIR_PATH}/Podfile.lock\" \"${PODS_ROOT}/Manifest.lock\" > /dev/null\nif [ $? != 0 ] ; then\n    # print error to STDERR\n    echo \"error: The sandbox is not in sync with the Podfile.lock. Run 'pod install' or update your CocoaPods installation.\" >&2\n    exit 1\nfi\n# This output is used by Xcode 'outputs' to avoid re-running this script phase.\necho \"SUCCESS\" > \"${SCRIPT_OUTPUT_FILE_0}\"\n";
			showEnvVarsInLog = 0;
		};
		A74637BF1DFD01369C586CAA /* [CP] Embed Pods Frameworks */ = {
			isa = PBXShellScriptBuildPhase;
			buildActionMask = 2147483647;
			files = (
			);
			inputFileListPaths = (
				"${PODS_ROOT}/Target Support Files/Pods-FrenchApp/Pods-FrenchApp-frameworks-${CONFIGURATION}-input-files.xcfilelist",
			);
			name = "[CP] Embed Pods Frameworks";
			outputFileListPaths = (
				"${PODS_ROOT}/Target Support Files/Pods-FrenchApp/Pods-FrenchApp-frameworks-${CONFIGURATION}-output-files.xcfilelist",
			);
			runOnlyForDeploymentPostprocessing = 0;
			shellPath = /bin/sh;
			shellScript = "\"${PODS_ROOT}/Target Support Files/Pods-FrenchApp/Pods-FrenchApp-frameworks.sh\"\n";
			showEnvVarsInLog = 0;
		};
/* End PBXShellScriptBuildPhase section */

/* Begin PBXSourcesBuildPhase section */
		C94943F128208DEA006D81E3 /* Sources */ = {
			isa = PBXSourcesBuildPhase;
			buildActionMask = 2147483647;
			files = (
				C972923F282487C000FE6CAC /* SegueEnum.swift in Sources */,
				C9729247282488A200FE6CAC /* UIView_shake.swift in Sources */,
				C972923A2824871E00FE6CAC /* Verb.swift in Sources */,
				C9729246282488A200FE6CAC /* UIView_addSubviews.swift in Sources */,
				C972924B282489BD00FE6CAC /* Strings-en.swift in Sources */,
				C972924F28248B2700FE6CAC /* HomeViewController.swift in Sources */,
				C97292342824869100FE6CAC /* LoginViewController.swift in Sources */,
				C972924D282489DC00FE6CAC /* Strings-fr.swift in Sources */,
				C97292422824887900FE6CAC /* Dialog.swift in Sources */,
				C97292382824870E00FE6CAC /* Student.swift in Sources */,
				C9729236282486A300FE6CAC /* RegisterViewController.swift in Sources */,
				C94943FD28208DEA006D81E3 /* ViewController.swift in Sources */,
				C97292432824887900FE6CAC /* Toast.swift in Sources */,
				C94943F928208DEA006D81E3 /* AppDelegate.swift in Sources */,
				C94943FB28208DEA006D81E3 /* SceneDelegate.swift in Sources */,
			);
			runOnlyForDeploymentPostprocessing = 0;
		};
/* End PBXSourcesBuildPhase section */

/* Begin PBXVariantGroup section */
		C94943FE28208DEA006D81E3 /* Main.storyboard */ = {
			isa = PBXVariantGroup;
			children = (
				C94943FF28208DEA006D81E3 /* Base */,
			);
			name = Main.storyboard;
			sourceTree = "<group>";
		};
		C949440328208DEB006D81E3 /* LaunchScreen.storyboard */ = {
			isa = PBXVariantGroup;
			children = (
				C949440428208DEB006D81E3 /* Base */,
			);
			name = LaunchScreen.storyboard;
			sourceTree = "<group>";
		};
/* End PBXVariantGroup section */

/* Begin XCBuildConfiguration section */
		C949440728208DEB006D81E3 /* Debug */ = {
			isa = XCBuildConfiguration;
			buildSettings = {
				ALWAYS_SEARCH_USER_PATHS = NO;
				CLANG_ANALYZER_NONNULL = YES;
				CLANG_ANALYZER_NUMBER_OBJECT_CONVERSION = YES_AGGRESSIVE;
				CLANG_CXX_LANGUAGE_STANDARD = "gnu++17";
				CLANG_CXX_LIBRARY = "libc++";
				CLANG_ENABLE_MODULES = YES;
				CLANG_ENABLE_OBJC_ARC = YES;
				CLANG_ENABLE_OBJC_WEAK = YES;
				CLANG_WARN_BLOCK_CAPTURE_AUTORELEASING = YES;
				CLANG_WARN_BOOL_CONVERSION = YES;
				CLANG_WARN_COMMA = YES;
				CLANG_WARN_CONSTANT_CONVERSION = YES;
				CLANG_WARN_DEPRECATED_OBJC_IMPLEMENTATIONS = YES;
				CLANG_WARN_DIRECT_OBJC_ISA_USAGE = YES_ERROR;
				CLANG_WARN_DOCUMENTATION_COMMENTS = YES;
				CLANG_WARN_EMPTY_BODY = YES;
				CLANG_WARN_ENUM_CONVERSION = YES;
				CLANG_WARN_INFINITE_RECURSION = YES;
				CLANG_WARN_INT_CONVERSION = YES;
				CLANG_WARN_NON_LITERAL_NULL_CONVERSION = YES;
				CLANG_WARN_OBJC_IMPLICIT_RETAIN_SELF = YES;
				CLANG_WARN_OBJC_LITERAL_CONVERSION = YES;
				CLANG_WARN_OBJC_ROOT_CLASS = YES_ERROR;
				CLANG_WARN_QUOTED_INCLUDE_IN_FRAMEWORK_HEADER = YES;
				CLANG_WARN_RANGE_LOOP_ANALYSIS = YES;
				CLANG_WARN_STRICT_PROTOTYPES = YES;
				CLANG_WARN_SUSPICIOUS_MOVE = YES;
				CLANG_WARN_UNGUARDED_AVAILABILITY = YES_AGGRESSIVE;
				CLANG_WARN_UNREACHABLE_CODE = YES;
				CLANG_WARN__DUPLICATE_METHOD_MATCH = YES;
				COPY_PHASE_STRIP = NO;
				DEBUG_INFORMATION_FORMAT = dwarf;
				ENABLE_STRICT_OBJC_MSGSEND = YES;
				ENABLE_TESTABILITY = YES;
				GCC_C_LANGUAGE_STANDARD = gnu11;
				GCC_DYNAMIC_NO_PIC = NO;
				GCC_NO_COMMON_BLOCKS = YES;
				GCC_OPTIMIZATION_LEVEL = 0;
				GCC_PREPROCESSOR_DEFINITIONS = (
					"DEBUG=1",
					"$(inherited)",
				);
				GCC_WARN_64_TO_32_BIT_CONVERSION = YES;
				GCC_WARN_ABOUT_RETURN_TYPE = YES_ERROR;
				GCC_WARN_UNDECLARED_SELECTOR = YES;
				GCC_WARN_UNINITIALIZED_AUTOS = YES_AGGRESSIVE;
				GCC_WARN_UNUSED_FUNCTION = YES;
				GCC_WARN_UNUSED_VARIABLE = YES;
				IPHONEOS_DEPLOYMENT_TARGET = 15.2;
				MTL_ENABLE_DEBUG_INFO = INCLUDE_SOURCE;
				MTL_FAST_MATH = YES;
				ONLY_ACTIVE_ARCH = YES;
				SDKROOT = iphoneos;
				SWIFT_ACTIVE_COMPILATION_CONDITIONS = DEBUG;
				SWIFT_OPTIMIZATION_LEVEL = "-Onone";
			};
			name = Debug;
		};
		C949440828208DEB006D81E3 /* Release */ = {
			isa = XCBuildConfiguration;
			buildSettings = {
				ALWAYS_SEARCH_USER_PATHS = NO;
				CLANG_ANALYZER_NONNULL = YES;
				CLANG_ANALYZER_NUMBER_OBJECT_CONVERSION = YES_AGGRESSIVE;
				CLANG_CXX_LANGUAGE_STANDARD = "gnu++17";
				CLANG_CXX_LIBRARY = "libc++";
				CLANG_ENABLE_MODULES = YES;
				CLANG_ENABLE_OBJC_ARC = YES;
				CLANG_ENABLE_OBJC_WEAK = YES;
				CLANG_WARN_BLOCK_CAPTURE_AUTORELEASING = YES;
				CLANG_WARN_BOOL_CONVERSION = YES;
				CLANG_WARN_COMMA = YES;
				CLANG_WARN_CONSTANT_CONVERSION = YES;
				CLANG_WARN_DEPRECATED_OBJC_IMPLEMENTATIONS = YES;
				CLANG_WARN_DIRECT_OBJC_ISA_USAGE = YES_ERROR;
				CLANG_WARN_DOCUMENTATION_COMMENTS = YES;
				CLANG_WARN_EMPTY_BODY = YES;
				CLANG_WARN_ENUM_CONVERSION = YES;
				CLANG_WARN_INFINITE_RECURSION = YES;
				CLANG_WARN_INT_CONVERSION = YES;
				CLANG_WARN_NON_LITERAL_NULL_CONVERSION = YES;
				CLANG_WARN_OBJC_IMPLICIT_RETAIN_SELF = YES;
				CLANG_WARN_OBJC_LITERAL_CONVERSION = YES;
				CLANG_WARN_OBJC_ROOT_CLASS = YES_ERROR;
				CLANG_WARN_QUOTED_INCLUDE_IN_FRAMEWORK_HEADER = YES;
				CLANG_WARN_RANGE_LOOP_ANALYSIS = YES;
				CLANG_WARN_STRICT_PROTOTYPES = YES;
				CLANG_WARN_SUSPICIOUS_MOVE = YES;
				CLANG_WARN_UNGUARDED_AVAILABILITY = YES_AGGRESSIVE;
				CLANG_WARN_UNREACHABLE_CODE = YES;
				CLANG_WARN__DUPLICATE_METHOD_MATCH = YES;
				COPY_PHASE_STRIP = NO;
				DEBUG_INFORMATION_FORMAT = "dwarf-with-dsym";
				ENABLE_NS_ASSERTIONS = NO;
				ENABLE_STRICT_OBJC_MSGSEND = YES;
				GCC_C_LANGUAGE_STANDARD = gnu11;
				GCC_NO_COMMON_BLOCKS = YES;
				GCC_WARN_64_TO_32_BIT_CONVERSION = YES;
				GCC_WARN_ABOUT_RETURN_TYPE = YES_ERROR;
				GCC_WARN_UNDECLARED_SELECTOR = YES;
				GCC_WARN_UNINITIALIZED_AUTOS = YES_AGGRESSIVE;
				GCC_WARN_UNUSED_FUNCTION = YES;
				GCC_WARN_UNUSED_VARIABLE = YES;
				IPHONEOS_DEPLOYMENT_TARGET = 15.2;
				MTL_ENABLE_DEBUG_INFO = NO;
				MTL_FAST_MATH = YES;
				SDKROOT = iphoneos;
				SWIFT_COMPILATION_MODE = wholemodule;
				SWIFT_OPTIMIZATION_LEVEL = "-O";
				VALIDATE_PRODUCT = YES;
			};
			name = Release;
		};
		C949440A28208DEB006D81E3 /* Debug */ = {
			isa = XCBuildConfiguration;
			baseConfigurationReference = 69AF0A7361A180CE70841F0B /* Pods-FrenchApp.debug.xcconfig */;
			buildSettings = {
				ASSETCATALOG_COMPILER_APPICON_NAME = AppIcon;
				ASSETCATALOG_COMPILER_GLOBAL_ACCENT_COLOR_NAME = AccentColor;
				CODE_SIGN_STYLE = Automatic;
				CURRENT_PROJECT_VERSION = 1;
				DEVELOPMENT_TEAM = 59ZG6V9WAU;
				GENERATE_INFOPLIST_FILE = YES;
				INFOPLIST_FILE = FrenchApp/Info.plist;
				INFOPLIST_KEY_UIApplicationSupportsIndirectInputEvents = YES;
				INFOPLIST_KEY_UILaunchStoryboardName = LaunchScreen;
				INFOPLIST_KEY_UIMainStoryboardFile = Main;
				INFOPLIST_KEY_UISupportedInterfaceOrientations_iPad = "UIInterfaceOrientationPortrait UIInterfaceOrientationPortraitUpsideDown UIInterfaceOrientationLandscapeLeft UIInterfaceOrientationLandscapeRight";
				INFOPLIST_KEY_UISupportedInterfaceOrientations_iPhone = "UIInterfaceOrientationPortrait UIInterfaceOrientationLandscapeLeft UIInterfaceOrientationLandscapeRight";
				LD_RUNPATH_SEARCH_PATHS = (
					"$(inherited)",
					"@executable_path/Frameworks",
				);
				MARKETING_VERSION = 1.0;
				PRODUCT_BUNDLE_IDENTIFIER = "Matheus-Cadena.FrenchApp";
				PRODUCT_NAME = "$(TARGET_NAME)";
				SWIFT_EMIT_LOC_STRINGS = YES;
				SWIFT_VERSION = 5.0;
				TARGETED_DEVICE_FAMILY = "1,2";
			};
			name = Debug;
		};
		C949440B28208DEB006D81E3 /* Release */ = {
			isa = XCBuildConfiguration;
			baseConfigurationReference = B80C989F787FB5665B720EA9 /* Pods-FrenchApp.release.xcconfig */;
			buildSettings = {
				ASSETCATALOG_COMPILER_APPICON_NAME = AppIcon;
				ASSETCATALOG_COMPILER_GLOBAL_ACCENT_COLOR_NAME = AccentColor;
				CODE_SIGN_STYLE = Automatic;
				CURRENT_PROJECT_VERSION = 1;
				DEVELOPMENT_TEAM = 59ZG6V9WAU;
				GENERATE_INFOPLIST_FILE = YES;
				INFOPLIST_FILE = FrenchApp/Info.plist;
				INFOPLIST_KEY_UIApplicationSupportsIndirectInputEvents = YES;
				INFOPLIST_KEY_UILaunchStoryboardName = LaunchScreen;
				INFOPLIST_KEY_UIMainStoryboardFile = Main;
				INFOPLIST_KEY_UISupportedInterfaceOrientations_iPad = "UIInterfaceOrientationPortrait UIInterfaceOrientationPortraitUpsideDown UIInterfaceOrientationLandscapeLeft UIInterfaceOrientationLandscapeRight";
				INFOPLIST_KEY_UISupportedInterfaceOrientations_iPhone = "UIInterfaceOrientationPortrait UIInterfaceOrientationLandscapeLeft UIInterfaceOrientationLandscapeRight";
				LD_RUNPATH_SEARCH_PATHS = (
					"$(inherited)",
					"@executable_path/Frameworks",
				);
				MARKETING_VERSION = 1.0;
				PRODUCT_BUNDLE_IDENTIFIER = "Matheus-Cadena.FrenchApp";
				PRODUCT_NAME = "$(TARGET_NAME)";
				SWIFT_EMIT_LOC_STRINGS = YES;
				SWIFT_VERSION = 5.0;
				TARGETED_DEVICE_FAMILY = "1,2";
			};
			name = Release;
		};
/* End XCBuildConfiguration section */

/* Begin XCConfigurationList section */
		C94943F028208DEA006D81E3 /* Build configuration list for PBXProject "FrenchApp" */ = {
			isa = XCConfigurationList;
			buildConfigurations = (
				C949440728208DEB006D81E3 /* Debug */,
				C949440828208DEB006D81E3 /* Release */,
			);
			defaultConfigurationIsVisible = 0;
			defaultConfigurationName = Release;
		};
		C949440928208DEB006D81E3 /* Build configuration list for PBXNativeTarget "FrenchApp" */ = {
			isa = XCConfigurationList;
			buildConfigurations = (
				C949440A28208DEB006D81E3 /* Debug */,
				C949440B28208DEB006D81E3 /* Release */,
			);
			defaultConfigurationIsVisible = 0;
			defaultConfigurationName = Release;
		};
/* End XCConfigurationList section */
	};
	rootObject = C94943ED28208DEA006D81E3 /* Project object */;
}
